// !$*UTF8*$!
{
	archiveVersion = 1;
	classes = {
	};
	objectVersion = 46;
	objects = {

/* Begin PBXBuildFile section */
		A7C9C8CF1D99F97900F330FA /* AppDelegate.swift in Sources */ = {isa = PBXBuildFile; fileRef = A7C9C8CE1D99F97900F330FA /* AppDelegate.swift */; };
		A7C9C8D11D99F97900F330FA /* ViewController.swift in Sources */ = {isa = PBXBuildFile; fileRef = A7C9C8D01D99F97900F330FA /* ViewController.swift */; };
		A7C9C8D41D99F97900F330FA /* Main.storyboard in Resources */ = {isa = PBXBuildFile; fileRef = A7C9C8D21D99F97900F330FA /* Main.storyboard */; };
		A7C9C8D61D99F97900F330FA /* Assets.xcassets in Resources */ = {isa = PBXBuildFile; fileRef = A7C9C8D51D99F97900F330FA /* Assets.xcassets */; };
		A7C9C8D91D99F97900F330FA /* LaunchScreen.storyboard in Resources */ = {isa = PBXBuildFile; fileRef = A7C9C8D71D99F97900F330FA /* LaunchScreen.storyboard */; };
		A7C9C8E41D99F97900F330FA /* indie_spaceTests.swift in Sources */ = {isa = PBXBuildFile; fileRef = A7C9C8E31D99F97900F330FA /* indie_spaceTests.swift */; };
		A7EA56DC1DA33D0F00116502 /* TableViewController.swift in Sources */ = {isa = PBXBuildFile; fileRef = A7EA56DA1DA337B800116502 /* TableViewController.swift */; };
/* End PBXBuildFile section */

/* Begin PBXContainerItemProxy section */
		A7C9C8E01D99F97900F330FA /* PBXContainerItemProxy */ = {
			isa = PBXContainerItemProxy;
			containerPortal = A7C9C8C31D99F97900F330FA /* Project object */;
			proxyType = 1;
			remoteGlobalIDString = A7C9C8CA1D99F97900F330FA;
			remoteInfo = indie_space;
		};
/* End PBXContainerItemProxy section */

/* Begin PBXFileReference section */
		A7C9C8CB1D99F97900F330FA /* indie_space.app */ = {isa = PBXFileReference; explicitFileType = wrapper.application; includeInIndex = 0; path = indie_space.app; sourceTree = BUILT_PRODUCTS_DIR; };
		A7C9C8CE1D99F97900F330FA /* AppDelegate.swift */ = {isa = PBXFileReference; lastKnownFileType = sourcecode.swift; path = AppDelegate.swift; sourceTree = "<group>"; };
		A7C9C8D01D99F97900F330FA /* ViewController.swift */ = {isa = PBXFileReference; lastKnownFileType = sourcecode.swift; path = ViewController.swift; sourceTree = "<group>"; };
		A7C9C8D31D99F97900F330FA /* Base */ = {isa = PBXFileReference; lastKnownFileType = file.storyboard; name = Base; path = Base.lproj/Main.storyboard; sourceTree = "<group>"; };
		A7C9C8D51D99F97900F330FA /* Assets.xcassets */ = {isa = PBXFileReference; lastKnownFileType = folder.assetcatalog; path = Assets.xcassets; sourceTree = "<group>"; };
		A7C9C8D81D99F97900F330FA /* Base */ = {isa = PBXFileReference; lastKnownFileType = file.storyboard; name = Base; path = Base.lproj/LaunchScreen.storyboard; sourceTree = "<group>"; };
		A7C9C8DA1D99F97900F330FA /* Info.plist */ = {isa = PBXFileReference; lastKnownFileType = text.plist.xml; path = Info.plist; sourceTree = "<group>"; };
		A7C9C8DF1D99F97900F330FA /* indie_spaceTests.xctest */ = {isa = PBXFileReference; explicitFileType = wrapper.cfbundle; includeInIndex = 0; path = indie_spaceTests.xctest; sourceTree = BUILT_PRODUCTS_DIR; };
		A7C9C8E31D99F97900F330FA /* indie_spaceTests.swift */ = {isa = PBXFileReference; lastKnownFileType = sourcecode.swift; path = indie_spaceTests.swift; sourceTree = "<group>"; };
		A7C9C8E51D99F97900F330FA /* Info.plist */ = {isa = PBXFileReference; lastKnownFileType = text.plist.xml; path = Info.plist; sourceTree = "<group>"; };
		A7EA56DA1DA337B800116502 /* TableViewController.swift */ = {isa = PBXFileReference; fileEncoding = 4; lastKnownFileType = sourcecode.swift; name = TableViewController.swift; path = indie_spaceTests/TableViewController.swift; sourceTree = SOURCE_ROOT; };
/* End PBXFileReference section */

/* Begin PBXFrameworksBuildPhase section */
		A7C9C8C81D99F97900F330FA /* Frameworks */ = {
			isa = PBXFrameworksBuildPhase;
			buildActionMask = 2147483647;
			files = (
			);
			runOnlyForDeploymentPostprocessing = 0;
		};
		A7C9C8DC1D99F97900F330FA /* Frameworks */ = {
			isa = PBXFrameworksBuildPhase;
			buildActionMask = 2147483647;
			files = (
			);
			runOnlyForDeploymentPostprocessing = 0;
		};
/* End PBXFrameworksBuildPhase section */

/* Begin PBXGroup section */
		A7C9C8C21D99F97900F330FA = {
			isa = PBXGroup;
			children = (
				A7C9C8CD1D99F97900F330FA /* indie_space */,
				A7C9C8E21D99F97900F330FA /* indie_spaceTests */,
				A7C9C8CC1D99F97900F330FA /* Products */,
			);
			sourceTree = "<group>";
		};
		A7C9C8CC1D99F97900F330FA /* Products */ = {
			isa = PBXGroup;
			children = (
				A7C9C8CB1D99F97900F330FA /* indie_space.app */,
				A7C9C8DF1D99F97900F330FA /* indie_spaceTests.xctest */,
			);
			name = Products;
			sourceTree = "<group>";
		};
		A7C9C8CD1D99F97900F330FA /* indie_space */ = {
			isa = PBXGroup;
			children = (
				A7C9C8CE1D99F97900F330FA /* AppDelegate.swift */,
				A7C9C8D01D99F97900F330FA /* ViewController.swift */,
				A7EA56DA1DA337B800116502 /* TableViewController.swift */,
				A7C9C8D21D99F97900F330FA /* Main.storyboard */,
				A7C9C8D51D99F97900F330FA /* Assets.xcassets */,
				A7C9C8D71D99F97900F330FA /* LaunchScreen.storyboard */,
				A7C9C8DA1D99F97900F330FA /* Info.plist */,
			);
			path = indie_space;
			sourceTree = "<group>";
		};
		A7C9C8E21D99F97900F330FA /* indie_spaceTests */ = {
			isa = PBXGroup;
			children = (
				A7C9C8E31D99F97900F330FA /* indie_spaceTests.swift */,
				A7C9C8E51D99F97900F330FA /* Info.plist */,
			);
			path = indie_spaceTests;
			sourceTree = "<group>";
		};
/* End PBXGroup section */

/* Begin PBXNativeTarget section */
		A7C9C8CA1D99F97900F330FA /* indie_space */ = {
			isa = PBXNativeTarget;
			buildConfigurationList = A7C9C8E81D99F97900F330FA /* Build configuration list for PBXNativeTarget "indie_space" */;
			buildPhases = (
				A7C9C8C71D99F97900F330FA /* Sources */,
				A7C9C8C81D99F97900F330FA /* Frameworks */,
				A7C9C8C91D99F97900F330FA /* Resources */,
			);
			buildRules = (
			);
			dependencies = (
			);
			name = indie_space;
			productName = indie_space;
			productReference = A7C9C8CB1D99F97900F330FA /* indie_space.app */;
			productType = "com.apple.product-type.application";
		};
		A7C9C8DE1D99F97900F330FA /* indie_spaceTests */ = {
			isa = PBXNativeTarget;
			buildConfigurationList = A7C9C8EB1D99F97900F330FA /* Build configuration list for PBXNativeTarget "indie_spaceTests" */;
			buildPhases = (
				A7C9C8DB1D99F97900F330FA /* Sources */,
				A7C9C8DC1D99F97900F330FA /* Frameworks */,
				A7C9C8DD1D99F97900F330FA /* Resources */,
			);
			buildRules = (
			);
			dependencies = (
				A7C9C8E11D99F97900F330FA /* PBXTargetDependency */,
			);
			name = indie_spaceTests;
			productName = indie_spaceTests;
			productReference = A7C9C8DF1D99F97900F330FA /* indie_spaceTests.xctest */;
			productType = "com.apple.product-type.bundle.unit-test";
		};
/* End PBXNativeTarget section */

/* Begin PBXProject section */
		A7C9C8C31D99F97900F330FA /* Project object */ = {
			isa = PBXProject;
			attributes = {
				LastSwiftUpdateCheck = 0800;
				LastUpgradeCheck = 0800;
				ORGANIZATIONNAME = KimMina;
				TargetAttributes = {
					A7C9C8CA1D99F97900F330FA = {
						CreatedOnToolsVersion = 8.0;
						ProvisioningStyle = Automatic;
					};
					A7C9C8DE1D99F97900F330FA = {
						CreatedOnToolsVersion = 8.0;
						ProvisioningStyle = Automatic;
						TestTargetID = A7C9C8CA1D99F97900F330FA;
					};
				};
			};
			buildConfigurationList = A7C9C8C61D99F97900F330FA /* Build configuration list for PBXProject "indie_space" */;
			compatibilityVersion = "Xcode 3.2";
			developmentRegion = English;
			hasScannedForEncodings = 0;
			knownRegions = (
				en,
				Base,
			);
			mainGroup = A7C9C8C21D99F97900F330FA;
			productRefGroup = A7C9C8CC1D99F97900F330FA /* Products */;
			projectDirPath = "";
			projectRoot = "";
			targets = (
				A7C9C8CA1D99F97900F330FA /* indie_space */,
				A7C9C8DE1D99F97900F330FA /* indie_spaceTests */,
			);
		};
/* End PBXProject section */

/* Begin PBXResourcesBuildPhase section */
		A7C9C8C91D99F97900F330FA /* Resources */ = {
			isa = PBXResourcesBuildPhase;
			buildActionMask = 2147483647;
			files = (
				A7C9C8D91D99F97900F330FA /* LaunchScreen.storyboard in Resources */,
				A7C9C8D61D99F97900F330FA /* Assets.xcassets in Resources */,
				A7C9C8D41D99F97900F330FA /* Main.storyboard in Resources */,
			);
			runOnlyForDeploymentPostprocessing = 0;
		};
		A7C9C8DD1D99F97900F330FA /* Resources */ = {
			isa = PBXResourcesBuildPhase;
			buildActionMask = 2147483647;
			files = (
			);
			runOnlyForDeploymentPostprocessing = 0;
		};
/* End PBXResourcesBuildPhase section */

/* Begin PBXSourcesBuildPhase section */
		A7C9C8C71D99F97900F330FA /* Sources */ = {
			isa = PBXSourcesBuildPhase;
			buildActionMask = 2147483647;
			files = (
				A7C9C8D11D99F97900F330FA /* ViewController.swift in Sources */,
				A7EA56DC1DA33D0F00116502 /* TableViewController.swift in Sources */,
				A7C9C8CF1D99F97900F330FA /* AppDelegate.swift in Sources */,
			);
			runOnlyForDeploymentPostprocessing = 0;
		};
		A7C9C8DB1D99F97900F330FA /* Sources */ = {
			isa = PBXSourcesBuildPhase;
			buildActionMask = 2147483647;
			files = (
				A7C9C8E41D99F97900F330FA /* indie_spaceTests.swift in Sources */,
			);
			runOnlyForDeploymentPostprocessing = 0;
		};
/* End PBXSourcesBuildPhase section */

/* Begin PBXTargetDependency section */
		A7C9C8E11D99F97900F330FA /* PBXTargetDependency */ = {
			isa = PBXTargetDependency;
			target = A7C9C8CA1D99F97900F330FA /* indie_space */;
			targetProxy = A7C9C8E01D99F97900F330FA /* PBXContainerItemProxy */;
		};
/* End PBXTargetDependency section */

/* Begin PBXVariantGroup section */
		A7C9C8D21D99F97900F330FA /* Main.storyboard */ = {
			isa = PBXVariantGroup;
			children = (
				A7C9C8D31D99F97900F330FA /* Base */,
			);
			name = Main.storyboard;
			sourceTree = "<group>";
		};
		A7C9C8D71D99F97900F330FA /* LaunchScreen.storyboard */ = {
			isa = PBXVariantGroup;
			children = (
				A7C9C8D81D99F97900F330FA /* Base */,
			);
			name = LaunchScreen.storyboard;
			sourceTree = "<group>";
		};
/* End PBXVariantGroup section */

/* Begin XCBuildConfiguration section */
		A7C9C8E61D99F97900F330FA /* Debug */ = {
			isa = XCBuildConfiguration;
			buildSettings = {
				ALWAYS_SEARCH_USER_PATHS = NO;
				CLANG_ANALYZER_NONNULL = YES;
				CLANG_CXX_LANGUAGE_STANDARD = "gnu++0x";
				CLANG_CXX_LIBRARY = "libc++";
				CLANG_ENABLE_MODULES = YES;
				CLANG_ENABLE_OBJC_ARC = YES;
				CLANG_WARN_BOOL_CONVERSION = YES;
				CLANG_WARN_CONSTANT_CONVERSION = YES;
				CLANG_WARN_DIRECT_OBJC_ISA_USAGE = YES_ERROR;
				CLANG_WARN_DOCUMENTATION_COMMENTS = YES;
				CLANG_WARN_EMPTY_BODY = YES;
				CLANG_WARN_ENUM_CONVERSION = YES;
				CLANG_WARN_INFINITE_RECURSION = YES;
				CLANG_WARN_INT_CONVERSION = YES;
				CLANG_WARN_OBJC_ROOT_CLASS = YES_ERROR;
				CLANG_WARN_SUSPICIOUS_MOVES = YES;
				CLANG_WARN_UNREACHABLE_CODE = YES;
				CLANG_WARN__DUPLICATE_METHOD_MATCH = YES;
				"CODE_SIGN_IDENTITY[sdk=iphoneos*]" = "iPhone Developer";
				COPY_PHASE_STRIP = NO;
				DEBUG_INFORMATION_FORMAT = dwarf;
				ENABLE_STRICT_OBJC_MSGSEND = YES;
				ENABLE_TESTABILITY = YES;
				GCC_C_LANGUAGE_STANDARD = gnu99;
				GCC_DYNAMIC_NO_PIC = NO;
				GCC_NO_COMMON_BLOCKS = YES;
				GCC_OPTIMIZATION_LEVEL = 0;
				GCC_PREPROCESSOR_DEFINITIONS = (
					"DEBUG=1",
					"$(inherited)",
				);
				GCC_WARN_64_TO_32_BIT_CONVERSION = YES;
				GCC_WARN_ABOUT_RETURN_TYPE = YES_ERROR;
				GCC_WARN_UNDECLARED_SELECTOR = YES;
				GCC_WARN_UNINITIALIZED_AUTOS = YES_AGGRESSIVE;
				GCC_WARN_UNUSED_FUNCTION = YES;
				GCC_WARN_UNUSED_VARIABLE = YES;
				IPHONEOS_DEPLOYMENT_TARGET = 10.0;
				MTL_ENABLE_DEBUG_INFO = YES;
				ONLY_ACTIVE_ARCH = YES;
				SDKROOT = iphoneos;
				SWIFT_ACTIVE_COMPILATION_CONDITIONS = DEBUG;
				SWIFT_OPTIMIZATION_LEVEL = "-Onone";
				TARGETED_DEVICE_FAMILY = "1,2";
			};
			name = Debug;
		};
		A7C9C8E71D99F97900F330FA /* Release */ = {
			isa = XCBuildConfiguration;
			buildSettings = {
				ALWAYS_SEARCH_USER_PATHS = NO;
				CLANG_ANALYZER_NONNULL = YES;
				CLANG_CXX_LANGUAGE_STANDARD = "gnu++0x";
				CLANG_CXX_LIBRARY = "libc++";
				CLANG_ENABLE_MODULES = YES;
				CLANG_ENABLE_OBJC_ARC = YES;
				CLANG_WARN_BOOL_CONVERSION = YES;
				CLANG_WARN_CONSTANT_CONVERSION = YES;
				CLANG_WARN_DIRECT_OBJC_ISA_USAGE = YES_ERROR;
				CLANG_WARN_DOCUMENTATION_COMMENTS = YES;
				CLANG_WARN_EMPTY_BODY = YES;
				CLANG_WARN_ENUM_CONVERSION = YES;
				CLANG_WARN_INFINITE_RECURSION = YES;
				CLANG_WARN_INT_CONVERSION = YES;
				CLANG_WARN_OBJC_ROOT_CLASS = YES_ERROR;
				CLANG_WARN_SUSPICIOUS_MOVES = YES;
				CLANG_WARN_UNREACHABLE_CODE = YES;
				CLANG_WARN__DUPLICATE_METHOD_MATCH = YES;
				"CODE_SIGN_IDENTITY[sdk=iphoneos*]" = "iPhone Developer";
				COPY_PHASE_STRIP = NO;
				DEBUG_INFORMATION_FORMAT = "dwarf-with-dsym";
				ENABLE_NS_ASSERTIONS = NO;
				ENABLE_STRICT_OBJC_MSGSEND = YES;
				GCC_C_LANGUAGE_STANDARD = gnu99;
				GCC_NO_COMMON_BLOCKS = YES;
				GCC_WARN_64_TO_32_BIT_CONVERSION = YES;
				GCC_WARN_ABOUT_RETURN_TYPE = YES_ERROR;
				GCC_WARN_UNDECLARED_SELECTOR = YES;
				GCC_WARN_UNINITIALIZED_AUTOS = YES_AGGRESSIVE;
				GCC_WARN_UNUSED_FUNCTION = YES;
				GCC_WARN_UNUSED_VARIABLE = YES;
				IPHONEOS_DEPLOYMENT_TARGET = 10.0;
				MTL_ENABLE_DEBUG_INFO = NO;
				SDKROOT = iphoneos;
				SWIFT_OPTIMIZATION_LEVEL = "-Owholemodule";
				TARGETED_DEVICE_FAMILY = "1,2";
				VALIDATE_PRODUCT = YES;
			};
			name = Release;
		};
		A7C9C8E91D99F97900F330FA /* Debug */ = {
			isa = XCBuildConfiguration;
			buildSettings = {
				ASSETCATALOG_COMPILER_APPICON_NAME = AppIcon;
				INFOPLIST_FILE = indie_space/Info.plist;
				LD_RUNPATH_SEARCH_PATHS = "$(inherited) @executable_path/Frameworks";
				PRODUCT_BUNDLE_IDENTIFIER = "CodersHigh.indie-space";
				PRODUCT_NAME = "$(TARGET_NAME)";
				SWIFT_VERSION = 3.0;
			};
			name = Debug;
		};
		A7C9C8EA1D99F97900F330FA /* Release */ = {
			isa = XCBuildConfiguration;
			buildSettings = {
				ASSETCATALOG_COMPILER_APPICON_NAME = AppIcon;
				INFOPLIST_FILE = indie_space/Info.plist;
				LD_RUNPATH_SEARCH_PATHS = "$(inherited) @executable_path/Frameworks";
				PRODUCT_BUNDLE_IDENTIFIER = "CodersHigh.indie-space";
				PRODUCT_NAME = "$(TARGET_NAME)";
				SWIFT_VERSION = 3.0;
			};
			name = Release;
		};
		A7C9C8EC1D99F97900F330FA /* Debug */ = {
			isa = XCBuildConfiguration;
			buildSettings = {
				ALWAYS_EMBED_SWIFT_STANDARD_LIBRARIES = YES;
				BUNDLE_LOADER = "$(TEST_HOST)";
				INFOPLIST_FILE = indie_spaceTests/Info.plist;
				LD_RUNPATH_SEARCH_PATHS = "$(inherited) @executable_path/Frameworks @loader_path/Frameworks";
				PRODUCT_BUNDLE_IDENTIFIER = "CodersHigh.indie-spaceTests";
				PRODUCT_NAME = "$(TARGET_NAME)";
				SWIFT_VERSION = 3.0;
				TEST_HOST = "$(BUILT_PRODUCTS_DIR)/indie_space.app/indie_space";
			};
			name = Debug;
		};
		A7C9C8ED1D99F97900F330FA /* Release */ = {
			isa = XCBuildConfiguration;
			buildSettings = {
				ALWAYS_EMBED_SWIFT_STANDARD_LIBRARIES = YES;
				BUNDLE_LOADER = "$(TEST_HOST)";
				INFOPLIST_FILE = indie_spaceTests/Info.plist;
				LD_RUNPATH_SEARCH_PATHS = "$(inherited) @executable_path/Frameworks @loader_path/Frameworks";
				PRODUCT_BUNDLE_IDENTIFIER = "CodersHigh.indie-spaceTests";
				PRODUCT_NAME = "$(TARGET_NAME)";
				SWIFT_VERSION = 3.0;
				TEST_HOST = "$(BUILT_PRODUCTS_DIR)/indie_space.app/indie_space";
			};
			name = Release;
		};
/* End XCBuildConfiguration section */

/* Begin XCConfigurationList section */
		A7C9C8C61D99F97900F330FA /* Build configuration list for PBXProject "indie_space" */ = {
			isa = XCConfigurationList;
			buildConfigurations = (
				A7C9C8E61D99F97900F330FA /* Debug */,
				A7C9C8E71D99F97900F330FA /* Release */,
			);
			defaultConfigurationIsVisible = 0;
			defaultConfigurationName = Release;
		};
		A7C9C8E81D99F97900F330FA /* Build configuration list for PBXNativeTarget "indie_space" */ = {
			isa = XCConfigurationList;
			buildConfigurations = (
				A7C9C8E91D99F97900F330FA /* Debug */,
				A7C9C8EA1D99F97900F330FA /* Release */,
			);
			defaultConfigurationIsVisible = 0;
			defaultConfigurationName = Release;
		};
		A7C9C8EB1D99F97900F330FA /* Build configuration list for PBXNativeTarget "indie_spaceTests" */ = {
			isa = XCConfigurationList;
			buildConfigurations = (
				A7C9C8EC1D99F97900F330FA /* Debug */,
				A7C9C8ED1D99F97900F330FA /* Release */,
			);
			defaultConfigurationIsVisible = 0;
			defaultConfigurationName = Release;
		};
/* End XCConfigurationList section */
	};
	rootObject = A7C9C8C31D99F97900F330FA /* Project object */;
}
